
Microsoft Visual Studio Solution File, Format Version 12.00
# Visual Studio Version 17
VisualStudioVersion = 17.13.35825.156
MinimumVisualStudioVersion = 10.0.40219.1
Project("{FAE04EC0-301F-11D3-BF4B-00C04F79EFBC}") = "TaskManagementSystem", "TaskManagementSystem\TaskManagementSystem.csproj", "{8E6C0C19-2738-48A6-B91B-9F4FF957A0B7}"
EndProject
Project("{FAE04EC0-301F-11D3-BF4B-00C04F79EFBC}") = "TaskManagementSystem.Domain", "TaskManagementSystem.Domain\TaskManagementSystem.Domain.csproj", "{6B47404A-5D60-4673-8D5F-F913264D86B0}"
EndProject
Project("{FAE04EC0-301F-11D3-BF4B-00C04F79EFBC}") = "TaskManagementSystem.Infrastructure", "TaskManagementSystem.Infrastructure\TaskManagementSystem.Infrastructure.csproj", "{E0C00A4D-8FE5-4D0B-BC85-BE553747FCE2}"
EndProject
Project("{FAE04EC0-301F-11D3-BF4B-00C04F79EFBC}") = "TaskManagementSystem.Application", "TaskManagementSystem.Application\TaskManagementSystem.Application.csproj", "{08B477A9-712F-465E-BFDA-1D07AFCEB7CD}"
EndProject
Project("{FAE04EC0-301F-11D3-BF4B-00C04F79EFBC}") = "TaskManagementSystem.Tests", "TaskManagementSystem.Tests\TaskManagementSystem.Tests.csproj", "{764B5A2C-A4A4-4497-B32B-1B9EF0F95397}"
EndProject
Project("{2150E333-8FDC-42A3-9474-1A3956D46DE8}") = "Solution Items", "Solution Items", "{02EA681E-C7D8-13C7-8484-4AC65E1B71E8}"
	ProjectSection(SolutionItems) = preProject
		.editorconfig = .editorconfig
	EndProjectSection
EndProject
Global
	GlobalSection(SolutionConfigurationPlatforms) = preSolution
		Debug|Any CPU = Debug|Any CPU
		Release|Any CPU = Release|Any CPU
	EndGlobalSection
	GlobalSection(ProjectConfigurationPlatforms) = postSolution
		{8E6C0C19-2738-48A6-B91B-9F4FF957A0B7}.Debug|Any CPU.ActiveCfg = Debug|Any CPU
		{8E6C0C19-2738-48A6-B91B-9F4FF957A0B7}.Debug|Any CPU.Build.0 = Debug|Any CPU
		{8E6C0C19-2738-48A6-B91B-9F4FF957A0B7}.Release|Any CPU.ActiveCfg = Release|Any CPU
		{8E6C0C19-2738-48A6-B91B-9F4FF957A0B7}.Release|Any CPU.Build.0 = Release|Any CPU
		{6B47404A-5D60-4673-8D5F-F913264D86B0}.Debug|Any CPU.ActiveCfg = Debug|Any CPU
		{6B47404A-5D60-4673-8D5F-F913264D86B0}.Debug|Any CPU.Build.0 = Debug|Any CPU
		{6B47404A-5D60-4673-8D5F-F913264D86B0}.Release|Any CPU.ActiveCfg = Release|Any CPU
		{6B47404A-5D60-4673-8D5F-F913264D86B0}.Release|Any CPU.Build.0 = Release|Any CPU
		{E0C00A4D-8FE5-4D0B-BC85-BE553747FCE2}.Debug|Any CPU.ActiveCfg = Debug|Any CPU
		{E0C00A4D-8FE5-4D0B-BC85-BE553747FCE2}.Debug|Any CPU.Build.0 = Debug|Any CPU
		{E0C00A4D-8FE5-4D0B-BC85-BE553747FCE2}.Release|Any CPU.ActiveCfg = Release|Any CPU
		{E0C00A4D-8FE5-4D0B-BC85-BE553747FCE2}.Release|Any CPU.Build.0 = Release|Any CPU
		{08B477A9-712F-465E-BFDA-1D07AFCEB7CD}.Debug|Any CPU.ActiveCfg = Debug|Any CPU
		{08B477A9-712F-465E-BFDA-1D07AFCEB7CD}.Debug|Any CPU.Build.0 = Debug|Any CPU
		{08B477A9-712F-465E-BFDA-1D07AFCEB7CD}.Release|Any CPU.ActiveCfg = Release|Any CPU
		{08B477A9-712F-465E-BFDA-1D07AFCEB7CD}.Release|Any CPU.Build.0 = Release|Any CPU
		{764B5A2C-A4A4-4497-B32B-1B9EF0F95397}.Debug|Any CPU.ActiveCfg = Debug|Any CPU
		{764B5A2C-A4A4-4497-B32B-1B9EF0F95397}.Debug|Any CPU.Build.0 = Debug|Any CPU
		{764B5A2C-A4A4-4497-B32B-1B9EF0F95397}.Release|Any CPU.ActiveCfg = Release|Any CPU
		{764B5A2C-A4A4-4497-B32B-1B9EF0F95397}.Release|Any CPU.Build.0 = Release|Any CPU
	EndGlobalSection
	GlobalSection(SolutionProperties) = preSolution
		HideSolutionNode = FALSE
	EndGlobalSection
	GlobalSection(ExtensibilityGlobals) = postSolution
		SolutionGuid = {B1802494-CB1A-4781-B1C2-CB754BAEC40F}
	EndGlobalSection
EndGlobal
